
Microsoft Visual Studio Solution File, Format Version 12.00
# Visual Studio Version 17
VisualStudioVersion = 17.8.34309.116
MinimumVisualStudioVersion = 10.0.40219.1
Project("{9A19103F-16F7-4668-BE54-9A1E7A4F7556}") = "ZajeciaREST", "ZajeciaREST.csproj", "{E42B548F-F330-49A6-8A4B-DA7094630092}"
EndProject
Project("{9A19103F-16F7-4668-BE54-9A1E7A4F7556}") = "ZajeciaREST.Application", "..\ZajeciaREST.Application\ZajeciaREST.Application.csproj", "{131CE454-E201-434F-8283-62BB36FD6678}"
EndProject
Project("{9A19103F-16F7-4668-BE54-9A1E7A4F7556}") = "ZajeciaREST.Domain", "..\ZajeciaREST.Domain\ZajeciaREST.Domain.csproj", "{8D78E822-C8AE-4B75-B960-5A7885910A21}"
EndProject
Project("{9A19103F-16F7-4668-BE54-9A1E7A4F7556}") = "ZajeciaREST.WebApi", "..\ZajeciaREST.WebApi\ZajeciaREST.WebApi.csproj", "{E43480B3-F749-475C-80C6-A5D2F429EAAB}"
EndProject
Project("{9A19103F-16F7-4668-BE54-9A1E7A4F7556}") = "ZajeciaREST.Infrastructure", "..\ZajeciaREST.Infrastructure\ZajeciaREST.Infrastructure.csproj", "{B57897A0-3394-44CA-B5C8-4E471E258066}"
EndProject
Project("{2150E333-8FDC-42A3-9474-1A3956D46DE8}") = "Tests", "Tests", "{E3E70D17-FEE3-454B-90EC-BDE077281ACD}"
EndProject
Project("{FAE04EC0-301F-11D3-BF4B-00C04F79EFBC}") = "ZajeciaREST.ComponentTest", "..\ZajeciaREST.ComponentTest\ZajeciaREST.ComponentTest.csproj", "{D0903BB1-90DF-4B09-9749-77F5C85E5A47}"
EndProject
Global
	GlobalSection(SolutionConfigurationPlatforms) = preSolution
		Debug|Any CPU = Debug|Any CPU
		Release|Any CPU = Release|Any CPU
	EndGlobalSection
	GlobalSection(ProjectConfigurationPlatforms) = postSolution
		{E42B548F-F330-49A6-8A4B-DA7094630092}.Debug|Any CPU.ActiveCfg = Debug|Any CPU
		{E42B548F-F330-49A6-8A4B-DA7094630092}.Debug|Any CPU.Build.0 = Debug|Any CPU
		{E42B548F-F330-49A6-8A4B-DA7094630092}.Release|Any CPU.ActiveCfg = Release|Any CPU
		{E42B548F-F330-49A6-8A4B-DA7094630092}.Release|Any CPU.Build.0 = Release|Any CPU
		{131CE454-E201-434F-8283-62BB36FD6678}.Debug|Any CPU.ActiveCfg = Debug|Any CPU
		{131CE454-E201-434F-8283-62BB36FD6678}.Debug|Any CPU.Build.0 = Debug|Any CPU
		{131CE454-E201-434F-8283-62BB36FD6678}.Release|Any CPU.ActiveCfg = Release|Any CPU
		{131CE454-E201-434F-8283-62BB36FD6678}.Release|Any CPU.Build.0 = Release|Any CPU
		{8D78E822-C8AE-4B75-B960-5A7885910A21}.Debug|Any CPU.ActiveCfg = Debug|Any CPU
		{8D78E822-C8AE-4B75-B960-5A7885910A21}.Debug|Any CPU.Build.0 = Debug|Any CPU
		{8D78E822-C8AE-4B75-B960-5A7885910A21}.Release|Any CPU.ActiveCfg = Release|Any CPU
		{8D78E822-C8AE-4B75-B960-5A7885910A21}.Release|Any CPU.Build.0 = Release|Any CPU
		{E43480B3-F749-475C-80C6-A5D2F429EAAB}.Debug|Any CPU.ActiveCfg = Debug|Any CPU
		{E43480B3-F749-475C-80C6-A5D2F429EAAB}.Debug|Any CPU.Build.0 = Debug|Any CPU
		{E43480B3-F749-475C-80C6-A5D2F429EAAB}.Release|Any CPU.ActiveCfg = Release|Any CPU
		{E43480B3-F749-475C-80C6-A5D2F429EAAB}.Release|Any CPU.Build.0 = Release|Any CPU
		{B57897A0-3394-44CA-B5C8-4E471E258066}.Debug|Any CPU.ActiveCfg = Debug|Any CPU
		{B57897A0-3394-44CA-B5C8-4E471E258066}.Debug|Any CPU.Build.0 = Debug|Any CPU
		{B57897A0-3394-44CA-B5C8-4E471E258066}.Release|Any CPU.ActiveCfg = Release|Any CPU
		{B57897A0-3394-44CA-B5C8-4E471E258066}.Release|Any CPU.Build.0 = Release|Any CPU
		{D0903BB1-90DF-4B09-9749-77F5C85E5A47}.Debug|Any CPU.ActiveCfg = Debug|Any CPU
		{D0903BB1-90DF-4B09-9749-77F5C85E5A47}.Debug|Any CPU.Build.0 = Debug|Any CPU
		{D0903BB1-90DF-4B09-9749-77F5C85E5A47}.Release|Any CPU.ActiveCfg = Release|Any CPU
		{D0903BB1-90DF-4B09-9749-77F5C85E5A47}.Release|Any CPU.Build.0 = Release|Any CPU
	EndGlobalSection
	GlobalSection(SolutionProperties) = preSolution
		HideSolutionNode = FALSE
	EndGlobalSection
	GlobalSection(NestedProjects) = preSolution
		{D0903BB1-90DF-4B09-9749-77F5C85E5A47} = {E3E70D17-FEE3-454B-90EC-BDE077281ACD}
	EndGlobalSection
	GlobalSection(ExtensibilityGlobals) = postSolution
		SolutionGuid = {943FBBE4-28D3-47B4-BA70-CC0FF571FA71}
	EndGlobalSection
EndGlobal
